
Microsoft Visual Studio Solution File, Format Version 12.00
# Visual Studio Version 17
VisualStudioVersion = 17.2.32516.85
MinimumVisualStudioVersion = 10.0.40219.1
Project("{FAE04EC0-301F-11D3-BF4B-00C04F79EFBC}") = "ExportExcelForm", "ExportExcelForm.csproj", "{D733A11D-A794-4FF7-A879-0089395D5DAB}"
EndProject
Global
	GlobalSection(SolutionConfigurationPlatforms) = preSolution
		Debug|Any CPU = Debug|Any CPU
		Release|Any CPU = Release|Any CPU
	EndGlobalSection
	GlobalSection(ProjectConfigurationPlatforms) = postSolution
		{D733A11D-A794-4FF7-A879-0089395D5DAB}.Debug|Any CPU.ActiveCfg = Debug|Any CPU
		{D733A11D-A794-4FF7-A879-0089395D5DAB}.Debug|Any CPU.Build.0 = Debug|Any CPU
		{D733A11D-A794-4FF7-A879-0089395D5DAB}.Release|Any CPU.ActiveCfg = Release|Any CPU
		{D733A11D-A794-4FF7-A879-0089395D5DAB}.Release|Any CPU.Build.0 = Release|Any CPU
	EndGlobalSection
	GlobalSection(SolutionProperties) = preSolution
		HideSolutionNode = FALSE
	EndGlobalSection
	GlobalSection(ExtensibilityGlobals) = postSolution
		SolutionGuid = {4EE34644-ABC4-4282-9CE3-9458952E1E0E}
	EndGlobalSection
EndGlobal
